
Microsoft Visual Studio Solution File, Format Version 12.00
# Visual Studio 15
VisualStudioVersion = 15.0.26730.8
MinimumVisualStudioVersion = 10.0.40219.1
Project("{FAE04EC0-301F-11D3-BF4B-00C04F79EFBC}") = "Contoso1", "Contoso1\Contoso1.csproj", "{2708767D-1CD7-4893-96F1-0F3F1BD9007A}"
EndProject
Project("{FAE04EC0-301F-11D3-BF4B-00C04F79EFBC}") = "Contoso1.Tests", "Contoso1.Tests\Contoso1.Tests.csproj", "{689D4F7E-ED4C-4D06-AD60-8EC243E449A1}"
EndProject
Global
	GlobalSection(SolutionConfigurationPlatforms) = preSolution
		Debug|Any CPU = Debug|Any CPU
		Release|Any CPU = Release|Any CPU
	EndGlobalSection
	GlobalSection(ProjectConfigurationPlatforms) = postSolution
		{2708767D-1CD7-4893-96F1-0F3F1BD9007A}.Debug|Any CPU.ActiveCfg = Debug|Any CPU
		{2708767D-1CD7-4893-96F1-0F3F1BD9007A}.Debug|Any CPU.Build.0 = Debug|Any CPU
		{2708767D-1CD7-4893-96F1-0F3F1BD9007A}.Release|Any CPU.ActiveCfg = Release|Any CPU
		{2708767D-1CD7-4893-96F1-0F3F1BD9007A}.Release|Any CPU.Build.0 = Release|Any CPU
		{689D4F7E-ED4C-4D06-AD60-8EC243E449A1}.Debug|Any CPU.ActiveCfg = Debug|Any CPU
		{689D4F7E-ED4C-4D06-AD60-8EC243E449A1}.Debug|Any CPU.Build.0 = Debug|Any CPU
		{689D4F7E-ED4C-4D06-AD60-8EC243E449A1}.Release|Any CPU.ActiveCfg = Release|Any CPU
		{689D4F7E-ED4C-4D06-AD60-8EC243E449A1}.Release|Any CPU.Build.0 = Release|Any CPU
	EndGlobalSection
	GlobalSection(SolutionProperties) = preSolution
		HideSolutionNode = FALSE
	EndGlobalSection
	GlobalSection(ExtensibilityGlobals) = postSolution
		SolutionGuid = {25F7F209-57CA-4178-8EB6-DA22316A9124}
	EndGlobalSection
EndGlobal
